
Microsoft Visual Studio Solution File, Format Version 12.00
# Visual Studio Version 17
VisualStudioVersion = 17.11.35303.130
MinimumVisualStudioVersion = 10.0.40219.1
Project("{FAE04EC0-301F-11D3-BF4B-00C04F79EFBC}") = "WFGit", "WFGit\WFGit.csproj", "{96EA1991-B388-45DA-BA41-9C597B524443}"
EndProject
Global
	GlobalSection(SolutionConfigurationPlatforms) = preSolution
		Debug|Any CPU = Debug|Any CPU
		Release|Any CPU = Release|Any CPU
	EndGlobalSection
	GlobalSection(ProjectConfigurationPlatforms) = postSolution
		{96EA1991-B388-45DA-BA41-9C597B524443}.Debug|Any CPU.ActiveCfg = Debug|Any CPU
		{96EA1991-B388-45DA-BA41-9C597B524443}.Debug|Any CPU.Build.0 = Debug|Any CPU
		{96EA1991-B388-45DA-BA41-9C597B524443}.Release|Any CPU.ActiveCfg = Release|Any CPU
		{96EA1991-B388-45DA-BA41-9C597B524443}.Release|Any CPU.Build.0 = Release|Any CPU
	EndGlobalSection
	GlobalSection(SolutionProperties) = preSolution
		HideSolutionNode = FALSE
	EndGlobalSection
	GlobalSection(ExtensibilityGlobals) = postSolution
		SolutionGuid = {780FC2BD-49D6-4E30-92C4-836B4515AC5B}
	EndGlobalSection
EndGlobal
